
Microsoft Visual Studio Solution File, Format Version 12.00
# Visual Studio Version 17
VisualStudioVersion = 17.14.37111.16 d17.14
MinimumVisualStudioVersion = 10.0.40219.1
Project("{FAE04EC0-301F-11D3-BF4B-00C04F79EFBC}") = "NotaFiscal.ConsoleApp", "NotaFiscal.ConsoleApp\NotaFiscal.ConsoleApp.csproj", "{6C71912D-82CA-47EB-A5E4-265A9514511A}"
EndProject
Global
	GlobalSection(SolutionConfigurationPlatforms) = preSolution
		Debug|Any CPU = Debug|Any CPU
		Release|Any CPU = Release|Any CPU
	EndGlobalSection
	GlobalSection(ProjectConfigurationPlatforms) = postSolution
		{6C71912D-82CA-47EB-A5E4-265A9514511A}.Debug|Any CPU.ActiveCfg = Debug|Any CPU
		{6C71912D-82CA-47EB-A5E4-265A9514511A}.Debug|Any CPU.Build.0 = Debug|Any CPU
		{6C71912D-82CA-47EB-A5E4-265A9514511A}.Release|Any CPU.ActiveCfg = Release|Any CPU
		{6C71912D-82CA-47EB-A5E4-265A9514511A}.Release|Any CPU.Build.0 = Release|Any CPU
	EndGlobalSection
	GlobalSection(SolutionProperties) = preSolution
		HideSolutionNode = FALSE
	EndGlobalSection
	GlobalSection(ExtensibilityGlobals) = postSolution
		SolutionGuid = {E3D1F963-8FCD-46AE-8828-790B6E7FBDB0}
	EndGlobalSection
EndGlobal
